# THIS IS AN AUTOGENERATED FILE. DO NOT EDIT THIS FILE DIRECTLY.
# yarn lockfile v1


"@types/chalk@^0.4.31":
  version "0.4.31"
  resolved "https://registry.yarnpkg.com/@types/chalk/-/chalk-0.4.31.tgz#a31d74241a6b1edbb973cf36d97a2896834a51f9"

"@types/commander@^2.3.31":
  version "2.3.31"
  resolved "https://registry.yarnpkg.com/@types/commander/-/commander-2.3.31.tgz#c60e5517091f9e2200a5e2063a830eddac4a7036"
  dependencies:
    "@types/node" "*"

"@types/escodegen@^0.0.6":
  version "0.0.6"
  resolved "https://registry.yarnpkg.com/@types/escodegen/-/escodegen-0.0.6.tgz#5230a9ce796e042cda6f086dbf19f22ea330659c"

"@types/esprima@^2.1.33":
  version "2.1.33"
  resolved "https://registry.yarnpkg.com/@types/esprima/-/esprima-2.1.33.tgz#c132313f0d19733e5ddb2054b6853deafe7af63d"
  dependencies:
    "@types/estree" "*"

"@types/estree@*":
  version "0.0.34"
  resolved "https://registry.yarnpkg.com/@types/estree/-/estree-0.0.34.tgz#aa7af69a3a91922171ee411b3c9d8f6beb4af321"

"@types/node@*", "@types/node@^7.0.2":
  version "7.0.4"
  resolved "https://registry.yarnpkg.com/@types/node/-/node-7.0.4.tgz#9aabc135979ded383325749f508894c662948c8b"

"@types/ora@^0.3.31":
  version "0.3.31"
  resolved "https://registry.yarnpkg.com/@types/ora/-/ora-0.3.31.tgz#1a4bf16bd62ec2764b8f40b0e2f4d85c21292f83"
  dependencies:
    "@types/node" "*"

"@types/rimraf@^0.0.28":
  version "0.0.28"
  resolved "https://registry.yarnpkg.com/@types/rimraf/-/rimraf-0.0.28.tgz#5562519bc7963caca8abf7f128cae3b594d41d06"

ansi-regex@^2.0.0:
  version "2.1.1"
  resolved "https://registry.yarnpkg.com/ansi-regex/-/ansi-regex-2.1.1.tgz#c3b33ab5ee360d86e0e628f0468ae7ef27d654df"

ansi-styles@^2.2.1:
  version "2.2.1"
  resolved "https://registry.yarnpkg.com/ansi-styles/-/ansi-styles-2.2.1.tgz#b432dd3358b634cf75e1e4664368240533c1ddbe"

balanced-match@^0.4.1:
  version "0.4.2"
  resolved "https://registry.yarnpkg.com/balanced-match/-/balanced-match-0.4.2.tgz#cb3f3e3c732dc0f01ee70b403f302e61d7709838"

brace-expansion@^1.0.0:
  version "1.1.6"
  resolved "https://registry.yarnpkg.com/brace-expansion/-/brace-expansion-1.1.6.tgz#7197d7eaa9b87e648390ea61fc66c84427420df9"
  dependencies:
    balanced-match "^0.4.1"
    concat-map "0.0.1"

chalk@^1.0.0, chalk@^1.1.1, chalk@^1.1.3:
  version "1.1.3"
  resolved "https://registry.yarnpkg.com/chalk/-/chalk-1.1.3.tgz#a8115c55e4a702fe4d150abd3872822a7e09fc98"
  dependencies:
    ansi-styles "^2.2.1"
    escape-string-regexp "^1.0.2"
    has-ansi "^2.0.0"
    strip-ansi "^3.0.0"
    supports-color "^2.0.0"

charm@1.0.1:
  version "1.0.1"
  resolved "https://registry.yarnpkg.com/charm/-/charm-1.0.1.tgz#68566a7a553d4fe91797030dd1852d0dd6efa82d"
  dependencies:
    inherits "^2.0.1"

cli-cursor@^1.0.2:
  version "1.0.2"
  resolved "https://registry.yarnpkg.com/cli-cursor/-/cli-cursor-1.0.2.tgz#64da3f7d56a54412e59794bd62dc35295e8f2987"
  dependencies:
    restore-cursor "^1.0.1"

cli-cursor@^2.1.0:
  version "2.1.0"
  resolved "https://registry.yarnpkg.com/cli-cursor/-/cli-cursor-2.1.0.tgz#b35dac376479facc3e94747d41d0d0f5238ffcb5"
  dependencies:
    restore-cursor "^2.0.0"

cli-spinners@0.2.0:
  version "0.2.0"
  resolved "https://registry.yarnpkg.com/cli-spinners/-/cli-spinners-0.2.0.tgz#85078737913b880f6ec9ffe7b65e83ec7776284f"

cli-spinners@^1.0.0:
  version "1.0.0"
  resolved "https://registry.yarnpkg.com/cli-spinners/-/cli-spinners-1.0.0.tgz#ef987ed3d48391ac3dab9180b406a742180d6e6a"

code-block-writer@^4.0.0:
  version "4.0.0"
  resolved "https://registry.yarnpkg.com/code-block-writer/-/code-block-writer-4.0.0.tgz#fed6831ff890179953eb908d8c66d3ba8e19ef2e"

colors@1.1.2:
  version "1.1.2"
  resolved "https://registry.yarnpkg.com/colors/-/colors-1.1.2.tgz#168a4701756b6a7f51a12ce0c97bfa28c084ed63"

commander@^2.9.0:
  version "2.9.0"
  resolved "https://registry.yarnpkg.com/commander/-/commander-2.9.0.tgz#9c99094176e12240cb22d6c5146098400fe0f7d4"
  dependencies:
    graceful-readlink ">= 1.0.0"

concat-map@0.0.1:
  version "0.0.1"
  resolved "https://registry.yarnpkg.com/concat-map/-/concat-map-0.0.1.tgz#d8a96bd77fd68df7793a73036a3ba0d5405d477b"

escape-string-regexp@^1.0.2:
  version "1.0.5"
  resolved "https://registry.yarnpkg.com/escape-string-regexp/-/escape-string-regexp-1.0.5.tgz#1b61c0562190a8dff6ae3bb2cf0200ca130b86d4"

exit-hook@^1.0.0:
  version "1.1.1"
  resolved "https://registry.yarnpkg.com/exit-hook/-/exit-hook-1.1.1.tgz#f05ca233b48c05d54fff07765df8507e95c02ff8"

flow-runtime@^0.2.1:
  version "0.2.1"
  resolved "https://registry.yarnpkg.com/flow-runtime/-/flow-runtime-0.2.1.tgz#f9a9695b9f9c8b50a8c7f96f25af8565876bf3d7"

fs.realpath@^1.0.0:
  version "1.0.0"
  resolved "https://registry.yarnpkg.com/fs.realpath/-/fs.realpath-1.0.0.tgz#1504ad2523158caa40db4a2787cb01411994ea4f"

glob@^7.0.5:
  version "7.1.1"
  resolved "https://registry.yarnpkg.com/glob/-/glob-7.1.1.tgz#805211df04faaf1c63a3600306cdf5ade50b2ec8"
  dependencies:
    fs.realpath "^1.0.0"
    inflight "^1.0.4"
    inherits "2"
    minimatch "^3.0.2"
    once "^1.3.0"
    path-is-absolute "^1.0.0"

"graceful-readlink@>= 1.0.0":
  version "1.0.1"
  resolved "https://registry.yarnpkg.com/graceful-readlink/-/graceful-readlink-1.0.1.tgz#4cafad76bc62f02fa039b2f94e9a3dd3a391a725"

has-ansi@^2.0.0:
  version "2.0.0"
  resolved "https://registry.yarnpkg.com/has-ansi/-/has-ansi-2.0.0.tgz#34f5049ce1ecdf2b0649af3ef24e45ed35416d91"
  dependencies:
    ansi-regex "^2.0.0"

inflight@^1.0.4:
  version "1.0.6"
  resolved "https://registry.yarnpkg.com/inflight/-/inflight-1.0.6.tgz#49bd6331d7d02d0c09bc910a1075ba8165b56df9"
  dependencies:
    once "^1.3.0"
    wrappy "1"

inherits@2, inherits@^2.0.1:
  version "2.0.3"
  resolved "https://registry.yarnpkg.com/inherits/-/inherits-2.0.3.tgz#633c2c83e3da42a502f52466022480f4208261de"

log-symbols@^1.0.2:
  version "1.0.2"
  resolved "https://registry.yarnpkg.com/log-symbols/-/log-symbols-1.0.2.tgz#376ff7b58ea3086a0f09facc74617eca501e1a18"
  dependencies:
    chalk "^1.0.0"

mimic-fn@^1.0.0:
  version "1.1.0"
  resolved "https://registry.yarnpkg.com/mimic-fn/-/mimic-fn-1.1.0.tgz#e667783d92e89dbd342818b5230b9d62a672ad18"

minimatch@^3.0.2:
  version "3.0.3"
  resolved "https://registry.yarnpkg.com/minimatch/-/minimatch-3.0.3.tgz#2a4e4090b96b2db06a9d7df01055a62a77c9b774"
  dependencies:
    brace-expansion "^1.0.0"

node-status@^1.0.0:
  version "1.0.0"
  resolved "https://registry.yarnpkg.com/node-status/-/node-status-1.0.0.tgz#7906a7c47a6587d03496bf74ec634abaa03f8e80"
  dependencies:
    charm "1.0.1"
    cli-cursor "^1.0.2"
    cli-spinners "0.2.0"
    colors "1.1.2"

once@^1.3.0:
  version "1.4.0"
  resolved "https://registry.yarnpkg.com/once/-/once-1.4.0.tgz#583b1aa775961d4b113ac17d9c50baef9dd76bd1"
  dependencies:
    wrappy "1"

onetime@^1.0.0:
  version "1.1.0"
  resolved "https://registry.yarnpkg.com/onetime/-/onetime-1.1.0.tgz#a1f7838f8314c516f05ecefcbc4ccfe04b4ed789"

onetime@^2.0.0:
  version "2.0.0"
  resolved "https://registry.yarnpkg.com/onetime/-/onetime-2.0.0.tgz#52aa8110e52fc5126ffc667bd8ec21c2ed209ce6"
  dependencies:
    mimic-fn "^1.0.0"

ora@^1.1.0:
  version "1.1.0"
  resolved "https://registry.yarnpkg.com/ora/-/ora-1.1.0.tgz#69aaa4a209630e43b142c5f7ff41820da87e2faf"
  dependencies:
    chalk "^1.1.1"
    cli-cursor "^2.1.0"
    cli-spinners "^1.0.0"
    log-symbols "^1.0.2"

os-tmpdir@~1.0.1:
  version "1.0.2"
  resolved "https://registry.yarnpkg.com/os-tmpdir/-/os-tmpdir-1.0.2.tgz#bbe67406c79aa85c5cfec766fe5734555dfa1274"

path-is-absolute@^1.0.0:
  version "1.0.1"
  resolved "https://registry.yarnpkg.com/path-is-absolute/-/path-is-absolute-1.0.1.tgz#174b9268735534ffbc7ace6bf53a5a9e1b5c5f5f"

restore-cursor@^1.0.1:
  version "1.0.1"
  resolved "https://registry.yarnpkg.com/restore-cursor/-/restore-cursor-1.0.1.tgz#34661f46886327fed2991479152252df92daa541"
  dependencies:
    exit-hook "^1.0.0"
    onetime "^1.0.0"

restore-cursor@^2.0.0:
  version "2.0.0"
  resolved "https://registry.yarnpkg.com/restore-cursor/-/restore-cursor-2.0.0.tgz#9f7ee287f82fd326d4fd162923d62129eee0dfaf"
  dependencies:
    onetime "^2.0.0"
    signal-exit "^3.0.2"

rimraf@^2.6.1:
  version "2.6.1"
  resolved "https://registry.yarnpkg.com/rimraf/-/rimraf-2.6.1.tgz#c2338ec643df7a1b7fe5c54fa86f57428a55f33d"
  dependencies:
    glob "^7.0.5"

signal-exit@^3.0.2:
  version "3.0.2"
  resolved "https://registry.yarnpkg.com/signal-exit/-/signal-exit-3.0.2.tgz#b5fdc08f1287ea1178628e415e25132b73646c6d"

strip-ansi@^3.0.0:
  version "3.0.1"
  resolved "https://registry.yarnpkg.com/strip-ansi/-/strip-ansi-3.0.1.tgz#6a385fb8853d952d5ff05d0e8aaf94278dc63dcf"
  dependencies:
    ansi-regex "^2.0.0"

supports-color@^2.0.0:
  version "2.0.0"
  resolved "https://registry.yarnpkg.com/supports-color/-/supports-color-2.0.0.tgz#535d045ce6b6363fa40117084629995e9df324c7"

tmp@0.0.28:
  version "0.0.28"
  resolved "https://registry.yarnpkg.com/tmp/-/tmp-0.0.28.tgz#172735b7f614ea7af39664fa84cf0de4e515d120"
  dependencies:
    os-tmpdir "~1.0.1"

ts-type-info@^6.2.2:
  version "6.2.2"
  resolved "https://registry.yarnpkg.com/ts-type-info/-/ts-type-info-6.2.2.tgz#02bdf760ac1734c5ecabe9af1b5f025ab44f576b"
  dependencies:
    code-block-writer "^4.0.0"
    tmp "0.0.28"
    typescript "^2.1.4"

typescript@^2.1.4:
  version "2.1.5"
  resolved "https://registry.yarnpkg.com/typescript/-/typescript-2.1.5.tgz#6fe9479e00e01855247cea216e7561bafcdbcd4a"

typescript@next:
  version "2.3.0-dev.20170306"
  resolved "https://registry.yarnpkg.com/typescript/-/typescript-2.3.0-dev.20170306.tgz#1b2af5681473d13950ebc7319f120c607b6b34b4"

wrappy@1:
  version "1.0.2"
  resolved "https://registry.yarnpkg.com/wrappy/-/wrappy-1.0.2.tgz#b5243d8f3ec1aa35f1364605bc0d1036e30ab69f"
