# THIS IS AN AUTOGENERATED FILE. DO NOT EDIT THIS FILE DIRECTLY.
# yarn lockfile v1


"@types/lodash@4.14.48":
  version "4.14.48"
  resolved "https://registry.yarnpkg.com/@types/lodash/-/lodash-4.14.48.tgz#d4d7747c28c63581e803bb2d03d0f0f36d2ac624"

"@types/source-map@0.5.0":
  version "0.5.0"
  resolved "https://registry.yarnpkg.com/@types/source-map/-/source-map-0.5.0.tgz#dd34bbd8e32fe4e74f2e3d8ac07f8aa5b45a47ac"

convert-source-map@^1.3.0:
  version "1.3.0"
  resolved "https://registry.yarnpkg.com/convert-source-map/-/convert-source-map-1.3.0.tgz#e9f3e9c6e2728efc2676696a70eb382f73106a67"

flow-runtime@^0.0.6:
  version "0.0.6"
  resolved "https://registry.yarnpkg.com/flow-runtime/-/flow-runtime-0.0.6.tgz#570aeab33dca9d2357d137c0b0a2e141b7342410"

lodash@4.17.4:
  version "4.17.4"
  resolved "https://registry.yarnpkg.com/lodash/-/lodash-4.17.4.tgz#78203a4d1c328ae1d86dca6460e369b57f4055ae"

magic-string@0.19.0:
  version "0.19.0"
  resolved "https://registry.yarnpkg.com/magic-string/-/magic-string-0.19.0.tgz#198948217254e3e0b93080e01146b7c73b2a06b2"
  dependencies:
    vlq "^0.2.1"

source-map-support@0.4.8:
  version "0.4.8"
  resolved "https://registry.yarnpkg.com/source-map-support/-/source-map-support-0.4.8.tgz#4871918d8a3af07289182e974e32844327b2e98b"
  dependencies:
    source-map "^0.5.3"

source-map@0.5.6, source-map@^0.5.3:
  version "0.5.6"
  resolved "https://registry.yarnpkg.com/source-map/-/source-map-0.5.6.tgz#75ce38f52bf0733c5a7f0c118d81334a2bb5f412"

tspoon@^1.0.254:
  version "1.0.254"
  resolved "https://registry.yarnpkg.com/tspoon/-/tspoon-1.0.254.tgz#4e9097f645732dcab24563b1de3ee4845ac5467f"
  dependencies:
    "@types/lodash" "4.14.48"
    "@types/source-map" "0.5.0"
    lodash "4.17.4"
    magic-string "0.19.0"
    source-map "0.5.6"
    source-map-support "0.4.8"
    typescript "2.1.5"

typescript@2.1.5, typescript@^2.1.5:
  version "2.1.5"
  resolved "https://registry.yarnpkg.com/typescript/-/typescript-2.1.5.tgz#6fe9479e00e01855247cea216e7561bafcdbcd4a"

vlq@^0.2.1:
  version "0.2.1"
  resolved "https://registry.yarnpkg.com/vlq/-/vlq-0.2.1.tgz#14439d711891e682535467f8587c5630e4222a6c"
