# THIS IS AN AUTOGENERATED FILE. DO NOT EDIT THIS FILE DIRECTLY.
# yarn lockfile v1


charm@1.0.1:
  version "1.0.1"
  resolved "https://registry.yarnpkg.com/charm/-/charm-1.0.1.tgz#68566a7a553d4fe91797030dd1852d0dd6efa82d"
  dependencies:
    inherits "^2.0.1"

cli-cursor@^1.0.2:
  version "1.0.2"
  resolved "https://registry.yarnpkg.com/cli-cursor/-/cli-cursor-1.0.2.tgz#64da3f7d56a54412e59794bd62dc35295e8f2987"
  dependencies:
    restore-cursor "^1.0.1"

cli-spinners@0.2.0:
  version "0.2.0"
  resolved "https://registry.yarnpkg.com/cli-spinners/-/cli-spinners-0.2.0.tgz#85078737913b880f6ec9ffe7b65e83ec7776284f"

colors@1.1.2:
  version "1.1.2"
  resolved "https://registry.yarnpkg.com/colors/-/colors-1.1.2.tgz#168a4701756b6a7f51a12ce0c97bfa28c084ed63"

exit-hook@^1.0.0:
  version "1.1.1"
  resolved "https://registry.yarnpkg.com/exit-hook/-/exit-hook-1.1.1.tgz#f05ca233b48c05d54fff07765df8507e95c02ff8"

inherits@^2.0.1:
  version "2.0.3"
  resolved "https://registry.yarnpkg.com/inherits/-/inherits-2.0.3.tgz#633c2c83e3da42a502f52466022480f4208261de"

node-status@^1.0.0:
  version "1.0.0"
  resolved "https://registry.yarnpkg.com/node-status/-/node-status-1.0.0.tgz#7906a7c47a6587d03496bf74ec634abaa03f8e80"
  dependencies:
    charm "1.0.1"
    cli-cursor "^1.0.2"
    cli-spinners "0.2.0"
    colors "1.1.2"

onetime@^1.0.0:
  version "1.1.0"
  resolved "https://registry.yarnpkg.com/onetime/-/onetime-1.1.0.tgz#a1f7838f8314c516f05ecefcbc4ccfe04b4ed789"

restore-cursor@^1.0.1:
  version "1.0.1"
  resolved "https://registry.yarnpkg.com/restore-cursor/-/restore-cursor-1.0.1.tgz#34661f46886327fed2991479152252df92daa541"
  dependencies:
    exit-hook "^1.0.0"
    onetime "^1.0.0"
